// !$*UTF8*$!
{
	archiveVersion = 1;
	classes = {
	};
	objectVersion = 50;
	objects = {

/* Begin PBXBuildFile section */
		9AD0BD1D240EDFEA007CF231 /* AppDelegate.swift in Sources */ = {isa = PBXBuildFile; fileRef = 9AD0BD1C240EDFEA007CF231 /* AppDelegate.swift */; };
		9AD0BD1F240EDFEA007CF231 /* SceneDelegate.swift in Sources */ = {isa = PBXBuildFile; fileRef = 9AD0BD1E240EDFEA007CF231 /* SceneDelegate.swift */; };
		9AD0BD21240EDFEA007CF231 /* ViewController.swift in Sources */ = {isa = PBXBuildFile; fileRef = 9AD0BD20240EDFEA007CF231 /* ViewController.swift */; };
		9AD0BD24240EDFEA007CF231 /* Main.storyboard in Resources */ = {isa = PBXBuildFile; fileRef = 9AD0BD22240EDFEA007CF231 /* Main.storyboard */; };
		9AD0BD26240EDFF2007CF231 /* Assets.xcassets in Resources */ = {isa = PBXBuildFile; fileRef = 9AD0BD25240EDFF2007CF231 /* Assets.xcassets */; };
		9AD0BD29240EDFF2007CF231 /* LaunchScreen.storyboard in Resources */ = {isa = PBXBuildFile; fileRef = 9AD0BD27240EDFF2007CF231 /* LaunchScreen.storyboard */; };
		9AD0BD34240EDFF3007CF231 /* QuizTests.swift in Sources */ = {isa = PBXBuildFile; fileRef = 9AD0BD33240EDFF3007CF231 /* QuizTests.swift */; };
		9AD0BD3F240EDFF3007CF231 /* QuizUITests.swift in Sources */ = {isa = PBXBuildFile; fileRef = 9AD0BD3E240EDFF3007CF231 /* QuizUITests.swift */; };
/* End PBXBuildFile section */

/* Begin PBXContainerItemProxy section */
		9AD0BD30240EDFF3007CF231 /* PBXContainerItemProxy */ = {
			isa = PBXContainerItemProxy;
			containerPortal = 9AD0BD11240EDFEA007CF231 /* Project object */;
			proxyType = 1;
			remoteGlobalIDString = 9AD0BD18240EDFEA007CF231;
			remoteInfo = Quiz;
		};
		9AD0BD3B240EDFF3007CF231 /* PBXContainerItemProxy */ = {
			isa = PBXContainerItemProxy;
			containerPortal = 9AD0BD11240EDFEA007CF231 /* Project object */;
			proxyType = 1;
			remoteGlobalIDString = 9AD0BD18240EDFEA007CF231;
			remoteInfo = Quiz;
		};
/* End PBXContainerItemProxy section */

/* Begin PBXFileReference section */
		9AD0BD19240EDFEA007CF231 /* Quiz.app */ = {isa = PBXFileReference; explicitFileType = wrapper.application; includeInIndex = 0; path = Quiz.app; sourceTree = BUILT_PRODUCTS_DIR; };
		9AD0BD1C240EDFEA007CF231 /* AppDelegate.swift */ = {isa = PBXFileReference; lastKnownFileType = sourcecode.swift; path = AppDelegate.swift; sourceTree = "<group>"; };
		9AD0BD1E240EDFEA007CF231 /* SceneDelegate.swift */ = {isa = PBXFileReference; lastKnownFileType = sourcecode.swift; path = SceneDelegate.swift; sourceTree = "<group>"; };
		9AD0BD20240EDFEA007CF231 /* ViewController.swift */ = {isa = PBXFileReference; lastKnownFileType = sourcecode.swift; path = ViewController.swift; sourceTree = "<group>"; };
		9AD0BD23240EDFEA007CF231 /* Base */ = {isa = PBXFileReference; lastKnownFileType = file.storyboard; name = Base; path = Base.lproj/Main.storyboard; sourceTree = "<group>"; };
		9AD0BD25240EDFF2007CF231 /* Assets.xcassets */ = {isa = PBXFileReference; lastKnownFileType = folder.assetcatalog; path = Assets.xcassets; sourceTree = "<group>"; };
		9AD0BD28240EDFF2007CF231 /* Base */ = {isa = PBXFileReference; lastKnownFileType = file.storyboard; name = Base; path = Base.lproj/LaunchScreen.storyboard; sourceTree = "<group>"; };
		9AD0BD2A240EDFF2007CF231 /* Info.plist */ = {isa = PBXFileReference; lastKnownFileType = text.plist.xml; path = Info.plist; sourceTree = "<group>"; };
		9AD0BD2F240EDFF3007CF231 /* QuizTests.xctest */ = {isa = PBXFileReference; explicitFileType = wrapper.cfbundle; includeInIndex = 0; path = QuizTests.xctest; sourceTree = BUILT_PRODUCTS_DIR; };
		9AD0BD33240EDFF3007CF231 /* QuizTests.swift */ = {isa = PBXFileReference; lastKnownFileType = sourcecode.swift; path = QuizTests.swift; sourceTree = "<group>"; };
		9AD0BD35240EDFF3007CF231 /* Info.plist */ = {isa = PBXFileReference; lastKnownFileType = text.plist.xml; path = Info.plist; sourceTree = "<group>"; };
		9AD0BD3A240EDFF3007CF231 /* QuizUITests.xctest */ = {isa = PBXFileReference; explicitFileType = wrapper.cfbundle; includeInIndex = 0; path = QuizUITests.xctest; sourceTree = BUILT_PRODUCTS_DIR; };
		9AD0BD3E240EDFF3007CF231 /* QuizUITests.swift */ = {isa = PBXFileReference; lastKnownFileType = sourcecode.swift; path = QuizUITests.swift; sourceTree = "<group>"; };
		9AD0BD40240EDFF3007CF231 /* Info.plist */ = {isa = PBXFileReference; lastKnownFileType = text.plist.xml; path = Info.plist; sourceTree = "<group>"; };
/* End PBXFileReference section */

/* Begin PBXFrameworksBuildPhase section */
		9AD0BD16240EDFEA007CF231 /* Frameworks */ = {
			isa = PBXFrameworksBuildPhase;
			buildActionMask = 2147483647;
			files = (
			);
			runOnlyForDeploymentPostprocessing = 0;
		};
		9AD0BD2C240EDFF3007CF231 /* Frameworks */ = {
			isa = PBXFrameworksBuildPhase;
			buildActionMask = 2147483647;
			files = (
			);
			runOnlyForDeploymentPostprocessing = 0;
		};
		9AD0BD37240EDFF3007CF231 /* Frameworks */ = {
			isa = PBXFrameworksBuildPhase;
			buildActionMask = 2147483647;
			files = (
			);
			runOnlyForDeploymentPostprocessing = 0;
		};
/* End PBXFrameworksBuildPhase section */

/* Begin PBXGroup section */
		9AD0BD10240EDFEA007CF231 = {
			isa = PBXGroup;
			children = (
				9AD0BD1B240EDFEA007CF231 /* Quiz */,
				9AD0BD32240EDFF3007CF231 /* QuizTests */,
				9AD0BD3D240EDFF3007CF231 /* QuizUITests */,
				9AD0BD1A240EDFEA007CF231 /* Products */,
			);
			sourceTree = "<group>";
		};
		9AD0BD1A240EDFEA007CF231 /* Products */ = {
			isa = PBXGroup;
			children = (
				9AD0BD19240EDFEA007CF231 /* Quiz.app */,
				9AD0BD2F240EDFF3007CF231 /* QuizTests.xctest */,
				9AD0BD3A240EDFF3007CF231 /* QuizUITests.xctest */,
			);
			name = Products;
			sourceTree = "<group>";
		};
		9AD0BD1B240EDFEA007CF231 /* Quiz */ = {
			isa = PBXGroup;
			children = (
				9AD0BD1C240EDFEA007CF231 /* AppDelegate.swift */,
				9AD0BD1E240EDFEA007CF231 /* SceneDelegate.swift */,
				9AD0BD20240EDFEA007CF231 /* ViewController.swift */,
				9AD0BD22240EDFEA007CF231 /* Main.storyboard */,
				9AD0BD25240EDFF2007CF231 /* Assets.xcassets */,
				9AD0BD27240EDFF2007CF231 /* LaunchScreen.storyboard */,
				9AD0BD2A240EDFF2007CF231 /* Info.plist */,
			);
			path = Quiz;
			sourceTree = "<group>";
		};
		9AD0BD32240EDFF3007CF231 /* QuizTests */ = {
			isa = PBXGroup;
			children = (
				9AD0BD33240EDFF3007CF231 /* QuizTests.swift */,
				9AD0BD35240EDFF3007CF231 /* Info.plist */,
			);
			path = QuizTests;
			sourceTree = "<group>";
		};
		9AD0BD3D240EDFF3007CF231 /* QuizUITests */ = {
			isa = PBXGroup;
			children = (
				9AD0BD3E240EDFF3007CF231 /* QuizUITests.swift */,
				9AD0BD40240EDFF3007CF231 /* Info.plist */,
			);
			path = QuizUITests;
			sourceTree = "<group>";
		};
/* End PBXGroup section */

/* Begin PBXNativeTarget section */
		9AD0BD18240EDFEA007CF231 /* Quiz */ = {
			isa = PBXNativeTarget;
			buildConfigurationList = 9AD0BD43240EDFF3007CF231 /* Build configuration list for PBXNativeTarget "Quiz" */;
			buildPhases = (
				9AD0BD15240EDFEA007CF231 /* Sources */,
				9AD0BD16240EDFEA007CF231 /* Frameworks */,
				9AD0BD17240EDFEA007CF231 /* Resources */,
			);
			buildRules = (
			);
			dependencies = (
			);
			name = Quiz;
			productName = Quiz;
			productReference = 9AD0BD19240EDFEA007CF231 /* Quiz.app */;
			productType = "com.apple.product-type.application";
		};
		9AD0BD2E240EDFF3007CF231 /* QuizTests */ = {
			isa = PBXNativeTarget;
			buildConfigurationList = 9AD0BD46240EDFF3007CF231 /* Build configuration list for PBXNativeTarget "QuizTests" */;
			buildPhases = (
				9AD0BD2B240EDFF3007CF231 /* Sources */,
				9AD0BD2C240EDFF3007CF231 /* Frameworks */,
				9AD0BD2D240EDFF3007CF231 /* Resources */,
			);
			buildRules = (
			);
			dependencies = (
				9AD0BD31240EDFF3007CF231 /* PBXTargetDependency */,
			);
			name = QuizTests;
			productName = QuizTests;
			productReference = 9AD0BD2F240EDFF3007CF231 /* QuizTests.xctest */;
			productType = "com.apple.product-type.bundle.unit-test";
		};
		9AD0BD39240EDFF3007CF231 /* QuizUITests */ = {
			isa = PBXNativeTarget;
			buildConfigurationList = 9AD0BD49240EDFF3007CF231 /* Build configuration list for PBXNativeTarget "QuizUITests" */;
			buildPhases = (
				9AD0BD36240EDFF3007CF231 /* Sources */,
				9AD0BD37240EDFF3007CF231 /* Frameworks */,
				9AD0BD38240EDFF3007CF231 /* Resources */,
			);
			buildRules = (
			);
			dependencies = (
				9AD0BD3C240EDFF3007CF231 /* PBXTargetDependency */,
			);
			name = QuizUITests;
			productName = QuizUITests;
			productReference = 9AD0BD3A240EDFF3007CF231 /* QuizUITests.xctest */;
			productType = "com.apple.product-type.bundle.ui-testing";
		};
/* End PBXNativeTarget section */

/* Begin PBXProject section */
		9AD0BD11240EDFEA007CF231 /* Project object */ = {
			isa = PBXProject;
			attributes = {
				LastSwiftUpdateCheck = 1130;
				LastUpgradeCheck = 1130;
				ORGANIZATIONNAME = "Joachim Goennheimer";
				TargetAttributes = {
					9AD0BD18240EDFEA007CF231 = {
						CreatedOnToolsVersion = 11.3.1;
					};
					9AD0BD2E240EDFF3007CF231 = {
						CreatedOnToolsVersion = 11.3.1;
						TestTargetID = 9AD0BD18240EDFEA007CF231;
					};
					9AD0BD39240EDFF3007CF231 = {
						CreatedOnToolsVersion = 11.3.1;
						TestTargetID = 9AD0BD18240EDFEA007CF231;
					};
				};
			};
			buildConfigurationList = 9AD0BD14240EDFEA007CF231 /* Build configuration list for PBXProject "Quiz" */;
			compatibilityVersion = "Xcode 9.3";
			developmentRegion = en;
			hasScannedForEncodings = 0;
			knownRegions = (
				en,
				Base,
			);
			mainGroup = 9AD0BD10240EDFEA007CF231;
			productRefGroup = 9AD0BD1A240EDFEA007CF231 /* Products */;
			projectDirPath = "";
			projectRoot = "";
			targets = (
				9AD0BD18240EDFEA007CF231 /* Quiz */,
				9AD0BD2E240EDFF3007CF231 /* QuizTests */,
				9AD0BD39240EDFF3007CF231 /* QuizUITests */,
			);
		};
/* End PBXProject section */

/* Begin PBXResourcesBuildPhase section */
		9AD0BD17240EDFEA007CF231 /* Resources */ = {
			isa = PBXResourcesBuildPhase;
			buildActionMask = 2147483647;
			files = (
				9AD0BD29240EDFF2007CF231 /* LaunchScreen.storyboard in Resources */,
				9AD0BD26240EDFF2007CF231 /* Assets.xcassets in Resources */,
				9AD0BD24240EDFEA007CF231 /* Main.storyboard in Resources */,
			);
			runOnlyForDeploymentPostprocessing = 0;
		};
		9AD0BD2D240EDFF3007CF231 /* Resources */ = {
			isa = PBXResourcesBuildPhase;
			buildActionMask = 2147483647;
			files = (
			);
			runOnlyForDeploymentPostprocessing = 0;
		};
		9AD0BD38240EDFF3007CF231 /* Resources */ = {
			isa = PBXResourcesBuildPhase;
			buildActionMask = 2147483647;
			files = (
			);
			runOnlyForDeploymentPostprocessing = 0;
		};
/* End PBXResourcesBuildPhase section */

/* Begin PBXSourcesBuildPhase section */
		9AD0BD15240EDFEA007CF231 /* Sources */ = {
			isa = PBXSourcesBuildPhase;
			buildActionMask = 2147483647;
			files = (
				9AD0BD21240EDFEA007CF231 /* ViewController.swift in Sources */,
				9AD0BD1D240EDFEA007CF231 /* AppDelegate.swift in Sources */,
				9AD0BD1F240EDFEA007CF231 /* SceneDelegate.swift in Sources */,
			);
			runOnlyForDeploymentPostprocessing = 0;
		};
		9AD0BD2B240EDFF3007CF231 /* Sources */ = {
			isa = PBXSourcesBuildPhase;
			buildActionMask = 2147483647;
			files = (
				9AD0BD34240EDFF3007CF231 /* QuizTests.swift in Sources */,
			);
			runOnlyForDeploymentPostprocessing = 0;
		};
		9AD0BD36240EDFF3007CF231 /* Sources */ = {
			isa = PBXSourcesBuildPhase;
			buildActionMask = 2147483647;
			files = (
				9AD0BD3F240EDFF3007CF231 /* QuizUITests.swift in Sources */,
			);
			runOnlyForDeploymentPostprocessing = 0;
		};
/* End PBXSourcesBuildPhase section */

/* Begin PBXTargetDependency section */
		9AD0BD31240EDFF3007CF231 /* PBXTargetDependency */ = {
			isa = PBXTargetDependency;
			target = 9AD0BD18240EDFEA007CF231 /* Quiz */;
			targetProxy = 9AD0BD30240EDFF3007CF231 /* PBXContainerItemProxy */;
		};
		9AD0BD3C240EDFF3007CF231 /* PBXTargetDependency */ = {
			isa = PBXTargetDependency;
			target = 9AD0BD18240EDFEA007CF231 /* Quiz */;
			targetProxy = 9AD0BD3B240EDFF3007CF231 /* PBXContainerItemProxy */;
		};
/* End PBXTargetDependency section */

/* Begin PBXVariantGroup section */
		9AD0BD22240EDFEA007CF231 /* Main.storyboard */ = {
			isa = PBXVariantGroup;
			children = (
				9AD0BD23240EDFEA007CF231 /* Base */,
			);
			name = Main.storyboard;
			sourceTree = "<group>";
		};
		9AD0BD27240EDFF2007CF231 /* LaunchScreen.storyboard */ = {
			isa = PBXVariantGroup;
			children = (
				9AD0BD28240EDFF2007CF231 /* Base */,
			);
			name = LaunchScreen.storyboard;
			sourceTree = "<group>";
		};
/* End PBXVariantGroup section */

/* Begin XCBuildConfiguration section */
		9AD0BD41240EDFF3007CF231 /* Debug */ = {
			isa = XCBuildConfiguration;
			buildSettings = {
				ALWAYS_SEARCH_USER_PATHS = NO;
				CLANG_ANALYZER_NONNULL = YES;
				CLANG_ANALYZER_NUMBER_OBJECT_CONVERSION = YES_AGGRESSIVE;
				CLANG_CXX_LANGUAGE_STANDARD = "gnu++14";
				CLANG_CXX_LIBRARY = "libc++";
				CLANG_ENABLE_MODULES = YES;
				CLANG_ENABLE_OBJC_ARC = YES;
				CLANG_ENABLE_OBJC_WEAK = YES;
				CLANG_WARN_BLOCK_CAPTURE_AUTORELEASING = YES;
				CLANG_WARN_BOOL_CONVERSION = YES;
				CLANG_WARN_COMMA = YES;
				CLANG_WARN_CONSTANT_CONVERSION = YES;
				CLANG_WARN_DEPRECATED_OBJC_IMPLEMENTATIONS = YES;
				CLANG_WARN_DIRECT_OBJC_ISA_USAGE = YES_ERROR;
				CLANG_WARN_DOCUMENTATION_COMMENTS = YES;
				CLANG_WARN_EMPTY_BODY = YES;
				CLANG_WARN_ENUM_CONVERSION = YES;
				CLANG_WARN_INFINITE_RECURSION = YES;
				CLANG_WARN_INT_CONVERSION = YES;
				CLANG_WARN_NON_LITERAL_NULL_CONVERSION = YES;
				CLANG_WARN_OBJC_IMPLICIT_RETAIN_SELF = YES;
				CLANG_WARN_OBJC_LITERAL_CONVERSION = YES;
				CLANG_WARN_OBJC_ROOT_CLASS = YES_ERROR;
				CLANG_WARN_RANGE_LOOP_ANALYSIS = YES;
				CLANG_WARN_STRICT_PROTOTYPES = YES;
				CLANG_WARN_SUSPICIOUS_MOVE = YES;
				CLANG_WARN_UNGUARDED_AVAILABILITY = YES_AGGRESSIVE;
				CLANG_WARN_UNREACHABLE_CODE = YES;
				CLANG_WARN__DUPLICATE_METHOD_MATCH = YES;
				COPY_PHASE_STRIP = NO;
				DEBUG_INFORMATION_FORMAT = dwarf;
				ENABLE_STRICT_OBJC_MSGSEND = YES;
				ENABLE_TESTABILITY = YES;
				GCC_C_LANGUAGE_STANDARD = gnu11;
				GCC_DYNAMIC_NO_PIC = NO;
				GCC_NO_COMMON_BLOCKS = YES;
				GCC_OPTIMIZATION_LEVEL = 0;
				GCC_PREPROCESSOR_DEFINITIONS = (
					"DEBUG=1",
					"$(inherited)",
				);
				GCC_WARN_64_TO_32_BIT_CONVERSION = YES;
				GCC_WARN_ABOUT_RETURN_TYPE = YES_ERROR;
				GCC_WARN_UNDECLARED_SELECTOR = YES;
				GCC_WARN_UNINITIALIZED_AUTOS = YES_AGGRESSIVE;
				GCC_WARN_UNUSED_FUNCTION = YES;
				GCC_WARN_UNUSED_VARIABLE = YES;
				IPHONEOS_DEPLOYMENT_TARGET = 13.2;
				MTL_ENABLE_DEBUG_INFO = INCLUDE_SOURCE;
				MTL_FAST_MATH = YES;
				ONLY_ACTIVE_ARCH = YES;
				SDKROOT = iphoneos;
				SWIFT_ACTIVE_COMPILATION_CONDITIONS = DEBUG;
				SWIFT_OPTIMIZATION_LEVEL = "-Onone";
			};
			name = Debug;
		};
		9AD0BD42240EDFF3007CF231 /* Release */ = {
			isa = XCBuildConfiguration;
			buildSettings = {
				ALWAYS_SEARCH_USER_PATHS = NO;
				CLANG_ANALYZER_NONNULL = YES;
				CLANG_ANALYZER_NUMBER_OBJECT_CONVERSION = YES_AGGRESSIVE;
				CLANG_CXX_LANGUAGE_STANDARD = "gnu++14";
				CLANG_CXX_LIBRARY = "libc++";
				CLANG_ENABLE_MODULES = YES;
				CLANG_ENABLE_OBJC_ARC = YES;
				CLANG_ENABLE_OBJC_WEAK = YES;
				CLANG_WARN_BLOCK_CAPTURE_AUTORELEASING = YES;
				CLANG_WARN_BOOL_CONVERSION = YES;
				CLANG_WARN_COMMA = YES;
				CLANG_WARN_CONSTANT_CONVERSION = YES;
				CLANG_WARN_DEPRECATED_OBJC_IMPLEMENTATIONS = YES;
				CLANG_WARN_DIRECT_OBJC_ISA_USAGE = YES_ERROR;
				CLANG_WARN_DOCUMENTATION_COMMENTS = YES;
				CLANG_WARN_EMPTY_BODY = YES;
				CLANG_WARN_ENUM_CONVERSION = YES;
				CLANG_WARN_INFINITE_RECURSION = YES;
				CLANG_WARN_INT_CONVERSION = YES;
				CLANG_WARN_NON_LITERAL_NULL_CONVERSION = YES;
				CLANG_WARN_OBJC_IMPLICIT_RETAIN_SELF = YES;
				CLANG_WARN_OBJC_LITERAL_CONVERSION = YES;
				CLANG_WARN_OBJC_ROOT_CLASS = YES_ERROR;
				CLANG_WARN_RANGE_LOOP_ANALYSIS = YES;
				CLANG_WARN_STRICT_PROTOTYPES = YES;
				CLANG_WARN_SUSPICIOUS_MOVE = YES;
				CLANG_WARN_UNGUARDED_AVAILABILITY = YES_AGGRESSIVE;
				CLANG_WARN_UNREACHABLE_CODE = YES;
				CLANG_WARN__DUPLICATE_METHOD_MATCH = YES;
				COPY_PHASE_STRIP = NO;
				DEBUG_INFORMATION_FORMAT = "dwarf-with-dsym";
				ENABLE_NS_ASSERTIONS = NO;
				ENABLE_STRICT_OBJC_MSGSEND = YES;
				GCC_C_LANGUAGE_STANDARD = gnu11;
				GCC_NO_COMMON_BLOCKS = YES;
				GCC_WARN_64_TO_32_BIT_CONVERSION = YES;
				GCC_WARN_ABOUT_RETURN_TYPE = YES_ERROR;
				GCC_WARN_UNDECLARED_SELECTOR = YES;
				GCC_WARN_UNINITIALIZED_AUTOS = YES_AGGRESSIVE;
				GCC_WARN_UNUSED_FUNCTION = YES;
				GCC_WARN_UNUSED_VARIABLE = YES;
				IPHONEOS_DEPLOYMENT_TARGET = 13.2;
				MTL_ENABLE_DEBUG_INFO = NO;
				MTL_FAST_MATH = YES;
				SDKROOT = iphoneos;
				SWIFT_COMPILATION_MODE = wholemodule;
				SWIFT_OPTIMIZATION_LEVEL = "-O";
				VALIDATE_PRODUCT = YES;
			};
			name = Release;
		};
		9AD0BD44240EDFF3007CF231 /* Debug */ = {
			isa = XCBuildConfiguration;
			buildSettings = {
				ASSETCATALOG_COMPILER_APPICON_NAME = AppIcon;
				CODE_SIGN_STYLE = Automatic;
				INFOPLIST_FILE = Quiz/Info.plist;
				LD_RUNPATH_SEARCH_PATHS = (
					"$(inherited)",
					"@executable_path/Frameworks",
				);
				PRODUCT_BUNDLE_IDENTIFIER = dhbw.Quiz;
				PRODUCT_NAME = "$(TARGET_NAME)";
				SWIFT_VERSION = 5.0;
				TARGETED_DEVICE_FAMILY = "1,2";
			};
			name = Debug;
		};
		9AD0BD45240EDFF3007CF231 /* Release */ = {
			isa = XCBuildConfiguration;
			buildSettings = {
				ASSETCATALOG_COMPILER_APPICON_NAME = AppIcon;
				CODE_SIGN_STYLE = Automatic;
				INFOPLIST_FILE = Quiz/Info.plist;
				LD_RUNPATH_SEARCH_PATHS = (
					"$(inherited)",
					"@executable_path/Frameworks",
				);
				PRODUCT_BUNDLE_IDENTIFIER = dhbw.Quiz;
				PRODUCT_NAME = "$(TARGET_NAME)";
				SWIFT_VERSION = 5.0;
				TARGETED_DEVICE_FAMILY = "1,2";
			};
			name = Release;
		};
		9AD0BD47240EDFF3007CF231 /* Debug */ = {
			isa = XCBuildConfiguration;
			buildSettings = {
				ALWAYS_EMBED_SWIFT_STANDARD_LIBRARIES = YES;
				BUNDLE_LOADER = "$(TEST_HOST)";
				CODE_SIGN_STYLE = Automatic;
				INFOPLIST_FILE = QuizTests/Info.plist;
				IPHONEOS_DEPLOYMENT_TARGET = 13.2;
				LD_RUNPATH_SEARCH_PATHS = (
					"$(inherited)",
					"@executable_path/Frameworks",
					"@loader_path/Frameworks",
				);
				PRODUCT_BUNDLE_IDENTIFIER = dhbw.QuizTests;
				PRODUCT_NAME = "$(TARGET_NAME)";
				SWIFT_VERSION = 5.0;
				TARGETED_DEVICE_FAMILY = "1,2";
				TEST_HOST = "$(BUILT_PRODUCTS_DIR)/Quiz.app/Quiz";
			};
			name = Debug;
		};
		9AD0BD48240EDFF3007CF231 /* Release */ = {
			isa = XCBuildConfiguration;
			buildSettings = {
				ALWAYS_EMBED_SWIFT_STANDARD_LIBRARIES = YES;
				BUNDLE_LOADER = "$(TEST_HOST)";
				CODE_SIGN_STYLE = Automatic;
				INFOPLIST_FILE = QuizTests/Info.plist;
				IPHONEOS_DEPLOYMENT_TARGET = 13.2;
				LD_RUNPATH_SEARCH_PATHS = (
					"$(inherited)",
					"@executable_path/Frameworks",
					"@loader_path/Frameworks",
				);
				PRODUCT_BUNDLE_IDENTIFIER = dhbw.QuizTests;
				PRODUCT_NAME = "$(TARGET_NAME)";
				SWIFT_VERSION = 5.0;
				TARGETED_DEVICE_FAMILY = "1,2";
				TEST_HOST = "$(BUILT_PRODUCTS_DIR)/Quiz.app/Quiz";
			};
			name = Release;
		};
		9AD0BD4A240EDFF3007CF231 /* Debug */ = {
			isa = XCBuildConfiguration;
			buildSettings = {
				ALWAYS_EMBED_SWIFT_STANDARD_LIBRARIES = YES;
				CODE_SIGN_STYLE = Automatic;
				INFOPLIST_FILE = QuizUITests/Info.plist;
				LD_RUNPATH_SEARCH_PATHS = (
					"$(inherited)",
					"@executable_path/Frameworks",
					"@loader_path/Frameworks",
				);
				PRODUCT_BUNDLE_IDENTIFIER = dhbw.QuizUITests;
				PRODUCT_NAME = "$(TARGET_NAME)";
				SWIFT_VERSION = 5.0;
				TARGETED_DEVICE_FAMILY = "1,2";
				TEST_TARGET_NAME = Quiz;
			};
			name = Debug;
		};
		9AD0BD4B240EDFF3007CF231 /* Release */ = {
			isa = XCBuildConfiguration;
			buildSettings = {
				ALWAYS_EMBED_SWIFT_STANDARD_LIBRARIES = YES;
				CODE_SIGN_STYLE = Automatic;
				INFOPLIST_FILE = QuizUITests/Info.plist;
				LD_RUNPATH_SEARCH_PATHS = (
					"$(inherited)",
					"@executable_path/Frameworks",
					"@loader_path/Frameworks",
				);
				PRODUCT_BUNDLE_IDENTIFIER = dhbw.QuizUITests;
				PRODUCT_NAME = "$(TARGET_NAME)";
				SWIFT_VERSION = 5.0;
				TARGETED_DEVICE_FAMILY = "1,2";
				TEST_TARGET_NAME = Quiz;
			};
			name = Release;
		};
/* End XCBuildConfiguration section */

/* Begin XCConfigurationList section */
		9AD0BD14240EDFEA007CF231 /* Build configuration list for PBXProject "Quiz" */ = {
			isa = XCConfigurationList;
			buildConfigurations = (
				9AD0BD41240EDFF3007CF231 /* Debug */,
				9AD0BD42240EDFF3007CF231 /* Release */,
			);
			defaultConfigurationIsVisible = 0;
			defaultConfigurationName = Release;
		};
		9AD0BD43240EDFF3007CF231 /* Build configuration list for PBXNativeTarget "Quiz" */ = {
			isa = XCConfigurationList;
			buildConfigurations = (
				9AD0BD44240EDFF3007CF231 /* Debug */,
				9AD0BD45240EDFF3007CF231 /* Release */,
			);
			defaultConfigurationIsVisible = 0;
			defaultConfigurationName = Release;
		};
		9AD0BD46240EDFF3007CF231 /* Build configuration list for PBXNativeTarget "QuizTests" */ = {
			isa = XCConfigurationList;
			buildConfigurations = (
				9AD0BD47240EDFF3007CF231 /* Debug */,
				9AD0BD48240EDFF3007CF231 /* Release */,
			);
			defaultConfigurationIsVisible = 0;
			defaultConfigurationName = Release;
		};
		9AD0BD49240EDFF3007CF231 /* Build configuration list for PBXNativeTarget "QuizUITests" */ = {
			isa = XCConfigurationList;
			buildConfigurations = (
				9AD0BD4A240EDFF3007CF231 /* Debug */,
				9AD0BD4B240EDFF3007CF231 /* Release */,
			);
			defaultConfigurationIsVisible = 0;
			defaultConfigurationName = Release;
		};
/* End XCConfigurationList section */
	};
	rootObject = 9AD0BD11240EDFEA007CF231 /* Project object */;
}
